
Microsoft Visual Studio Solution File, Format Version 12.00
# Visual Studio Version 17
VisualStudioVersion = 17.8.34316.72
MinimumVisualStudioVersion = 10.0.40219.1
Project("{FAE04EC0-301F-11D3-BF4B-00C04F79EFBC}") = "ChatService", "ChatService\ChatService.csproj", "{C283C2A7-ED5E-4573-AC00-9F5496563239}"
EndProject
Global
	GlobalSection(SolutionConfigurationPlatforms) = preSolution
		Debug|Any CPU = Debug|Any CPU
		Release|Any CPU = Release|Any CPU
	EndGlobalSection
	GlobalSection(ProjectConfigurationPlatforms) = postSolution
		{C283C2A7-ED5E-4573-AC00-9F5496563239}.Debug|Any CPU.ActiveCfg = Debug|Any CPU
		{C283C2A7-ED5E-4573-AC00-9F5496563239}.Debug|Any CPU.Build.0 = Debug|Any CPU
		{C283C2A7-ED5E-4573-AC00-9F5496563239}.Release|Any CPU.ActiveCfg = Release|Any CPU
		{C283C2A7-ED5E-4573-AC00-9F5496563239}.Release|Any CPU.Build.0 = Release|Any CPU
	EndGlobalSection
	GlobalSection(SolutionProperties) = preSolution
		HideSolutionNode = FALSE
	EndGlobalSection
	GlobalSection(ExtensibilityGlobals) = postSolution
		SolutionGuid = {9E070E7D-2BA0-4D3A-AE28-CFC5156FA1F7}
	EndGlobalSection
EndGlobal
